
Microsoft Visual Studio Solution File, Format Version 12.00
# Visual Studio Version 17
VisualStudioVersion = 17.9.34622.214
MinimumVisualStudioVersion = 10.0.40219.1
Project("{8BC9CEB8-8B4A-11D0-8D11-00A0C91BC942}") = "huffman2", "huffman2.vcxproj", "{45238031-C336-4B5E-9F51-EBD132CC69CA}"
EndProject
Global
	GlobalSection(SolutionConfigurationPlatforms) = preSolution
		Debug|x64 = Debug|x64
		Debug|x86 = Debug|x86
		Release|x64 = Release|x64
		Release|x86 = Release|x86
	EndGlobalSection
	GlobalSection(ProjectConfigurationPlatforms) = postSolution
		{45238031-C336-4B5E-9F51-EBD132CC69CA}.Debug|x64.ActiveCfg = Debug|x64
		{45238031-C336-4B5E-9F51-EBD132CC69CA}.Debug|x64.Build.0 = Debug|x64
		{45238031-C336-4B5E-9F51-EBD132CC69CA}.Debug|x86.ActiveCfg = Debug|Win32
		{45238031-C336-4B5E-9F51-EBD132CC69CA}.Debug|x86.Build.0 = Debug|Win32
		{45238031-C336-4B5E-9F51-EBD132CC69CA}.Release|x64.ActiveCfg = Release|x64
		{45238031-C336-4B5E-9F51-EBD132CC69CA}.Release|x64.Build.0 = Release|x64
		{45238031-C336-4B5E-9F51-EBD132CC69CA}.Release|x86.ActiveCfg = Release|Win32
		{45238031-C336-4B5E-9F51-EBD132CC69CA}.Release|x86.Build.0 = Release|Win32
	EndGlobalSection
	GlobalSection(SolutionProperties) = preSolution
		HideSolutionNode = FALSE
	EndGlobalSection
	GlobalSection(ExtensibilityGlobals) = postSolution
		SolutionGuid = {A546E2B6-813A-42CF-B772-6485CE4B4A71}
	EndGlobalSection
EndGlobal
